{
    "_readme": [
        "This file locks the dependencies of your project to a known state",
        "Read more about it at https://getcomposer.org/doc/01-basic-usage.md#installing-dependencies",
        "This file is @generated automatically"
    ],
    "content-hash": "e33bf65881f904689a1f4e89d00d2bc3",
    "packages": [
        {
            "name": "nikic/php-parser",
            "version": "v5.7.0",
            "source": {
                "type": "git",
                "url": "https://github.com/nikic/PHP-Parser.git",
                "reference": "dca41cd15c2ac9d055ad70dbfd011130757d1f82"
            },
            "dist": {
                "type": "zip",
                "url": "https://api.github.com/repos/nikic/PHP-Parser/zipball/dca41cd15c2ac9d055ad70dbfd011130757d1f82",
                "reference": "dca41cd15c2ac9d055ad70dbfd011130757d1f82",
                "shasum": ""
            },
            "require": {
                "ext-ctype": "*",
                "ext-json": "*",
                "ext-tokenizer": "*",
                "php": ">=7.4"
            },
            "require-dev": {
                "ircmaxell/php-yacc": "^0.0.7",
                "phpunit/phpunit": "^9.0"
            },
            "bin": [
                "bin/php-parse"
            ],
            "type": "library",
            "extra": {
                "branch-alias": {
                    "dev-master": "5.x-dev"
                }
            },
            "autoload": {
                "psr-4": {
                    "PhpParser\\": "lib/PhpParser"
                }
            },
            "notification-url": "https://packagist.org/downloads/",
            "license": [
                "BSD-3-Clause"
            ],
            "authors": [
                {
                    "name": "Nikita Popov"
                }
            ],
            "description": "A PHP parser written in PHP",
            "keywords": [
                "parser",
                "php"
            ],
            "support": {
                "issues": "https://github.com/nikic/PHP-Parser/issues",
                "source": "https://github.com/nikic/PHP-Parser/tree/v5.7.0"
            },
            "time": "2025-12-06T11:56:16+00:00"
        },
        {
            "name": "polidog/relayer",
            "version": "v0.9.0",
            "source": {
                "type": "git",
                "url": "https://github.com/polidog/relayer.git",
                "reference": "bbd239850bb12e3f1eb91ce6eaf761016d043b5d"
            },
            "dist": {
                "type": "zip",
                "url": "https://api.github.com/repos/polidog/relayer/zipball/bbd239850bb12e3f1eb91ce6eaf761016d043b5d",
                "reference": "bbd239850bb12e3f1eb91ce6eaf761016d043b5d",
                "shasum": ""
            },
            "require": {
                "php": ">=8.5",
                "polidog/use-php": "^0.7.0",
                "psr/container": "^2.0",
                "symfony/config": "^7.1",
                "symfony/dependency-injection": "^7.1",
                "symfony/dotenv": "^7.1",
                "symfony/yaml": "^7.1"
            },
            "replace": {
                "polidog/usephp-framework": "*"
            },
            "require-dev": {
                "friendsofphp/php-cs-fixer": "^3.95",
                "phpstan/phpstan": "^2.1",
                "phpunit/phpunit": "^11.0"
            },
            "bin": [
                "bin/relayer"
            ],
            "type": "library",
            "autoload": {
                "psr-4": {
                    "Polidog\\Relayer\\": "src/"
                }
            },
            "notification-url": "https://packagist.org/downloads/",
            "license": [
                "MIT"
            ],
            "authors": [
                {
                    "name": "polidog",
                    "email": "polidogs@gmail.com"
                }
            ],
            "description": "Relayer — file-based router + Symfony DependencyInjection + dotenv on top of polidog/use-php.",
            "support": {
                "issues": "https://github.com/polidog/relayer/issues",
                "source": "https://github.com/polidog/relayer/tree/v0.9.0"
            },
            "time": "2026-05-17T05:29:55+00:00"
        },
        {
            "name": "polidog/use-php",
            "version": "v0.7.0",
            "source": {
                "type": "git",
                "url": "https://github.com/polidog/usePHP.git",
                "reference": "6a36430e821da5a1349804812fe01c15b426cf66"
            },
            "dist": {
                "type": "zip",
                "url": "https://api.github.com/repos/polidog/usePHP/zipball/6a36430e821da5a1349804812fe01c15b426cf66",
                "reference": "6a36430e821da5a1349804812fe01c15b426cf66",
                "shasum": ""
            },
            "require": {
                "nikic/php-parser": "^5.7",
                "php": ">=8.5"
            },
            "require-dev": {
                "friendsofphp/php-cs-fixer": "^3.93",
                "phpstan/phpstan": "^2.1",
                "phpunit/phpunit": "^11.0",
                "vimeo/psalm": "^6.14"
            },
            "bin": [
                "bin/usephp"
            ],
            "type": "library",
            "autoload": {
                "files": [
                    "src/Html/Elements.php",
                    "src/Runtime/Hooks.php"
                ],
                "psr-4": {
                    "Polidog\\UsePhp\\": "src/"
                }
            },
            "notification-url": "https://packagist.org/downloads/",
            "license": [
                "MIT"
            ],
            "authors": [
                {
                    "name": "polidog",
                    "email": "polidogs@gmail.com"
                }
            ],
            "description": "React Hooks-like PHP components with server-side state management",
            "support": {
                "issues": "https://github.com/polidog/usePHP/issues",
                "source": "https://github.com/polidog/usePHP/tree/v0.7.0"
            },
            "time": "2026-05-15T14:01:00+00:00"
        },
        {
            "name": "psr/container",
            "version": "2.0.2",
            "source": {
                "type": "git",
                "url": "https://github.com/php-fig/container.git",
                "reference": "c71ecc56dfe541dbd90c5360474fbc405f8d5963"
            },
            "dist": {
                "type": "zip",
                "url": "https://api.github.com/repos/php-fig/container/zipball/c71ecc56dfe541dbd90c5360474fbc405f8d5963",
                "reference": "c71ecc56dfe541dbd90c5360474fbc405f8d5963",
                "shasum": ""
            },
            "require": {
                "php": ">=7.4.0"
            },
            "type": "library",
            "extra": {
                "branch-alias": {
                    "dev-master": "2.0.x-dev"
                }
            },
            "autoload": {
                "psr-4": {
                    "Psr\\Container\\": "src/"
                }
            },
            "notification-url": "https://packagist.org/downloads/",
            "license": [
                "MIT"
            ],
            "authors": [
                {
                    "name": "PHP-FIG",
                    "homepage": "https://www.php-fig.org/"
                }
            ],
            "description": "Common Container Interface (PHP FIG PSR-11)",
            "homepage": "https://github.com/php-fig/container",
            "keywords": [
                "PSR-11",
                "container",
                "container-interface",
                "container-interop",
                "psr"
            ],
            "support": {
                "issues": "https://github.com/php-fig/container/issues",
                "source": "https://github.com/php-fig/container/tree/2.0.2"
            },
            "time": "2021-11-05T16:47:00+00:00"
        },
        {
            "name": "symfony/config",
            "version": "v7.4.10",
            "source": {
                "type": "git",
                "url": "https://github.com/symfony/config.git",
                "reference": "d91b6c7cd2a8c9a9c2b8d26c8f5ed48edf99ef57"
            },
            "dist": {
                "type": "zip",
                "url": "https://api.github.com/repos/symfony/config/zipball/d91b6c7cd2a8c9a9c2b8d26c8f5ed48edf99ef57",
                "reference": "d91b6c7cd2a8c9a9c2b8d26c8f5ed48edf99ef57",
                "shasum": ""
            },
            "require": {
                "php": ">=8.2",
                "symfony/deprecation-contracts": "^2.5|^3",
                "symfony/filesystem": "^7.1|^8.0",
                "symfony/polyfill-ctype": "~1.8"
            },
            "conflict": {
                "symfony/finder": "<6.4",
                "symfony/service-contracts": "<2.5"
            },
            "require-dev": {
                "symfony/event-dispatcher": "^6.4|^7.0|^8.0",
                "symfony/finder": "^6.4|^7.0|^8.0",
                "symfony/messenger": "^6.4|^7.0|^8.0",
                "symfony/service-contracts": "^2.5|^3",
                "symfony/yaml": "^6.4|^7.0|^8.0"
            },
            "type": "library",
            "autoload": {
                "psr-4": {
                    "Symfony\\Component\\Config\\": ""
                },
                "exclude-from-classmap": [
                    "/Tests/"
                ]
            },
            "notification-url": "https://packagist.org/downloads/",
            "license": [
                "MIT"
            ],
            "authors": [
                {
                    "name": "Fabien Potencier",
                    "email": "fabien@symfony.com"
                },
                {
                    "name": "Symfony Community",
                    "homepage": "https://symfony.com/contributors"
                }
            ],
            "description": "Helps you find, load, combine, autofill and validate configuration values of any kind",
            "homepage": "https://symfony.com",
            "support": {
                "source": "https://github.com/symfony/config/tree/v7.4.10"
            },
            "funding": [
                {
                    "url": "https://symfony.com/sponsor",
                    "type": "custom"
                },
                {
                    "url": "https://github.com/fabpot",
                    "type": "github"
                },
                {
                    "url": "https://github.com/nicolas-grekas",
                    "type": "github"
                },
                {
                    "url": "https://tidelift.com/funding/github/packagist/symfony/symfony",
                    "type": "tidelift"
                }
            ],
            "time": "2026-05-03T14:20:49+00:00"
        },
        {
            "name": "symfony/dependency-injection",
            "version": "v7.4.10",
            "source": {
                "type": "git",
                "url": "https://github.com/symfony/dependency-injection.git",
                "reference": "4eb0d9dfa9d4f7c59216baf49b3ed6b1fb72293d"
            },
            "dist": {
                "type": "zip",
                "url": "https://api.github.com/repos/symfony/dependency-injection/zipball/4eb0d9dfa9d4f7c59216baf49b3ed6b1fb72293d",
                "reference": "4eb0d9dfa9d4f7c59216baf49b3ed6b1fb72293d",
                "shasum": ""
            },
            "require": {
                "php": ">=8.2",
                "psr/container": "^1.1|^2.0",
                "symfony/deprecation-contracts": "^2.5|^3",
                "symfony/service-contracts": "^3.6",
                "symfony/var-exporter": "^6.4.20|^7.2.5|^8.0"
            },
            "conflict": {
                "ext-psr": "<1.1|>=2",
                "symfony/config": "<6.4",
                "symfony/finder": "<6.4",
                "symfony/yaml": "<6.4"
            },
            "provide": {
                "psr/container-implementation": "1.1|2.0",
                "symfony/service-implementation": "1.1|2.0|3.0"
            },
            "require-dev": {
                "symfony/config": "^6.4|^7.0|^8.0",
                "symfony/expression-language": "^6.4|^7.0|^8.0",
                "symfony/yaml": "^6.4|^7.0|^8.0"
            },
            "type": "library",
            "autoload": {
                "psr-4": {
                    "Symfony\\Component\\DependencyInjection\\": ""
                },
                "exclude-from-classmap": [
                    "/Tests/"
                ]
            },
            "notification-url": "https://packagist.org/downloads/",
            "license": [
                "MIT"
            ],
            "authors": [
                {
                    "name": "Fabien Potencier",
                    "email": "fabien@symfony.com"
                },
                {
                    "name": "Symfony Community",
                    "homepage": "https://symfony.com/contributors"
                }
            ],
            "description": "Allows you to standardize and centralize the way objects are constructed in your application",
            "homepage": "https://symfony.com",
            "support": {
                "source": "https://github.com/symfony/dependency-injection/tree/v7.4.10"
            },
            "funding": [
                {
                    "url": "https://symfony.com/sponsor",
                    "type": "custom"
                },
                {
                    "url": "https://github.com/fabpot",
                    "type": "github"
                },
                {
                    "url": "https://github.com/nicolas-grekas",
                    "type": "github"
                },
                {
                    "url": "https://tidelift.com/funding/github/packagist/symfony/symfony",
                    "type": "tidelift"
                }
            ],
            "time": "2026-05-06T11:55:30+00:00"
        },
        {
            "name": "symfony/deprecation-contracts",
            "version": "v3.7.0",
            "source": {
                "type": "git",
                "url": "https://github.com/symfony/deprecation-contracts.git",
                "reference": "50f59d1f3ca46d41ac911f97a78626b6756af35b"
            },
            "dist": {
                "type": "zip",
                "url": "https://api.github.com/repos/symfony/deprecation-contracts/zipball/50f59d1f3ca46d41ac911f97a78626b6756af35b",
                "reference": "50f59d1f3ca46d41ac911f97a78626b6756af35b",
                "shasum": ""
            },
            "require": {
                "php": ">=8.1"
            },
            "type": "library",
            "extra": {
                "thanks": {
                    "url": "https://github.com/symfony/contracts",
                    "name": "symfony/contracts"
                },
                "branch-alias": {
                    "dev-main": "3.7-dev"
                }
            },
            "autoload": {
                "files": [
                    "function.php"
                ]
            },
            "notification-url": "https://packagist.org/downloads/",
            "license": [
                "MIT"
            ],
            "authors": [
                {
                    "name": "Nicolas Grekas",
                    "email": "p@tchwork.com"
                },
                {
                    "name": "Symfony Community",
                    "homepage": "https://symfony.com/contributors"
                }
            ],
            "description": "A generic function and convention to trigger deprecation notices",
            "homepage": "https://symfony.com",
            "support": {
                "source": "https://github.com/symfony/deprecation-contracts/tree/v3.7.0"
            },
            "funding": [
                {
                    "url": "https://symfony.com/sponsor",
                    "type": "custom"
                },
                {
                    "url": "https://github.com/fabpot",
                    "type": "github"
                },
                {
                    "url": "https://github.com/nicolas-grekas",
                    "type": "github"
                },
                {
                    "url": "https://tidelift.com/funding/github/packagist/symfony/symfony",
                    "type": "tidelift"
                }
            ],
            "time": "2026-04-13T15:52:40+00:00"
        },
        {
            "name": "symfony/dotenv",
            "version": "v7.4.11",
            "source": {
                "type": "git",
                "url": "https://github.com/symfony/dotenv.git",
                "reference": "82e9b1355c68ef7b96397dbd34cc75a92eebae7c"
            },
            "dist": {
                "type": "zip",
                "url": "https://api.github.com/repos/symfony/dotenv/zipball/82e9b1355c68ef7b96397dbd34cc75a92eebae7c",
                "reference": "82e9b1355c68ef7b96397dbd34cc75a92eebae7c",
                "shasum": ""
            },
            "require": {
                "php": ">=8.2"
            },
            "conflict": {
                "symfony/console": "<6.4",
                "symfony/process": "<6.4"
            },
            "require-dev": {
                "symfony/console": "^6.4|^7.0|^8.0",
                "symfony/process": "^6.4|^7.0|^8.0"
            },
            "type": "library",
            "autoload": {
                "psr-4": {
                    "Symfony\\Component\\Dotenv\\": ""
                },
                "exclude-from-classmap": [
                    "/Tests/"
                ]
            },
            "notification-url": "https://packagist.org/downloads/",
            "license": [
                "MIT"
            ],
            "authors": [
                {
                    "name": "Fabien Potencier",
                    "email": "fabien@symfony.com"
                },
                {
                    "name": "Symfony Community",
                    "homepage": "https://symfony.com/contributors"
                }
            ],
            "description": "Registers environment variables from a .env file",
            "homepage": "https://symfony.com",
            "keywords": [
                "dotenv",
                "env",
                "environment"
            ],
            "support": {
                "source": "https://github.com/symfony/dotenv/tree/v7.4.11"
            },
            "funding": [
                {
                    "url": "https://symfony.com/sponsor",
                    "type": "custom"
                },
                {
                    "url": "https://github.com/fabpot",
                    "type": "github"
                },
                {
                    "url": "https://github.com/nicolas-grekas",
                    "type": "github"
                },
                {
                    "url": "https://tidelift.com/funding/github/packagist/symfony/symfony",
                    "type": "tidelift"
                }
            ],
            "time": "2026-05-11T13:02:51+00:00"
        },
        {
            "name": "symfony/filesystem",
            "version": "v8.0.11",
            "source": {
                "type": "git",
                "url": "https://github.com/symfony/filesystem.git",
                "reference": "224db910898ce1317b892a9a1338f1f8f17eb7c7"
            },
            "dist": {
                "type": "zip",
                "url": "https://api.github.com/repos/symfony/filesystem/zipball/224db910898ce1317b892a9a1338f1f8f17eb7c7",
                "reference": "224db910898ce1317b892a9a1338f1f8f17eb7c7",
                "shasum": ""
            },
            "require": {
                "php": ">=8.4",
                "symfony/polyfill-ctype": "~1.8",
                "symfony/polyfill-mbstring": "~1.8"
            },
            "require-dev": {
                "symfony/process": "^7.4|^8.0"
            },
            "type": "library",
            "autoload": {
                "psr-4": {
                    "Symfony\\Component\\Filesystem\\": ""
                },
                "exclude-from-classmap": [
                    "/Tests/"
                ]
            },
            "notification-url": "https://packagist.org/downloads/",
            "license": [
                "MIT"
            ],
            "authors": [
                {
                    "name": "Fabien Potencier",
                    "email": "fabien@symfony.com"
                },
                {
                    "name": "Symfony Community",
                    "homepage": "https://symfony.com/contributors"
                }
            ],
            "description": "Provides basic utilities for the filesystem",
            "homepage": "https://symfony.com",
            "support": {
                "source": "https://github.com/symfony/filesystem/tree/v8.0.11"
            },
            "funding": [
                {
                    "url": "https://symfony.com/sponsor",
                    "type": "custom"
                },
                {
                    "url": "https://github.com/fabpot",
                    "type": "github"
                },
                {
                    "url": "https://github.com/nicolas-grekas",
                    "type": "github"
                },
                {
                    "url": "https://tidelift.com/funding/github/packagist/symfony/symfony",
                    "type": "tidelift"
                }
            ],
            "time": "2026-05-11T16:39:47+00:00"
        },
        {
            "name": "symfony/polyfill-ctype",
            "version": "v1.37.0",
            "source": {
                "type": "git",
                "url": "https://github.com/symfony/polyfill-ctype.git",
                "reference": "141046a8f9477948ff284fa65be2095baafb94f2"
            },
            "dist": {
                "type": "zip",
                "url": "https://api.github.com/repos/symfony/polyfill-ctype/zipball/141046a8f9477948ff284fa65be2095baafb94f2",
                "reference": "141046a8f9477948ff284fa65be2095baafb94f2",
                "shasum": ""
            },
            "require": {
                "php": ">=7.2"
            },
            "provide": {
                "ext-ctype": "*"
            },
            "suggest": {
                "ext-ctype": "For best performance"
            },
            "type": "library",
            "extra": {
                "thanks": {
                    "url": "https://github.com/symfony/polyfill",
                    "name": "symfony/polyfill"
                }
            },
            "autoload": {
                "files": [
                    "bootstrap.php"
                ],
                "psr-4": {
                    "Symfony\\Polyfill\\Ctype\\": ""
                }
            },
            "notification-url": "https://packagist.org/downloads/",
            "license": [
                "MIT"
            ],
            "authors": [
                {
                    "name": "Gert de Pagter",
                    "email": "BackEndTea@gmail.com"
                },
                {
                    "name": "Symfony Community",
                    "homepage": "https://symfony.com/contributors"
                }
            ],
            "description": "Symfony polyfill for ctype functions",
            "homepage": "https://symfony.com",
            "keywords": [
                "compatibility",
                "ctype",
                "polyfill",
                "portable"
            ],
            "support": {
                "source": "https://github.com/symfony/polyfill-ctype/tree/v1.37.0"
            },
            "funding": [
                {
                    "url": "https://symfony.com/sponsor",
                    "type": "custom"
                },
                {
                    "url": "https://github.com/fabpot",
                    "type": "github"
                },
                {
                    "url": "https://github.com/nicolas-grekas",
                    "type": "github"
                },
                {
                    "url": "https://tidelift.com/funding/github/packagist/symfony/symfony",
                    "type": "tidelift"
                }
            ],
            "time": "2026-04-10T16:19:22+00:00"
        },
        {
            "name": "symfony/polyfill-mbstring",
            "version": "v1.37.0",
            "source": {
                "type": "git",
                "url": "https://github.com/symfony/polyfill-mbstring.git",
                "reference": "6a21eb99c6973357967f6ce3708cd55a6bec6315"
            },
            "dist": {
                "type": "zip",
                "url": "https://api.github.com/repos/symfony/polyfill-mbstring/zipball/6a21eb99c6973357967f6ce3708cd55a6bec6315",
                "reference": "6a21eb99c6973357967f6ce3708cd55a6bec6315",
                "shasum": ""
            },
            "require": {
                "ext-iconv": "*",
                "php": ">=7.2"
            },
            "provide": {
                "ext-mbstring": "*"
            },
            "suggest": {
                "ext-mbstring": "For best performance"
            },
            "type": "library",
            "extra": {
                "thanks": {
                    "url": "https://github.com/symfony/polyfill",
                    "name": "symfony/polyfill"
                }
            },
            "autoload": {
                "files": [
                    "bootstrap.php"
                ],
                "psr-4": {
                    "Symfony\\Polyfill\\Mbstring\\": ""
                }
            },
            "notification-url": "https://packagist.org/downloads/",
            "license": [
                "MIT"
            ],
            "authors": [
                {
                    "name": "Nicolas Grekas",
                    "email": "p@tchwork.com"
                },
                {
                    "name": "Symfony Community",
                    "homepage": "https://symfony.com/contributors"
                }
            ],
            "description": "Symfony polyfill for the Mbstring extension",
            "homepage": "https://symfony.com",
            "keywords": [
                "compatibility",
                "mbstring",
                "polyfill",
                "portable",
                "shim"
            ],
            "support": {
                "source": "https://github.com/symfony/polyfill-mbstring/tree/v1.37.0"
            },
            "funding": [
                {
                    "url": "https://symfony.com/sponsor",
                    "type": "custom"
                },
                {
                    "url": "https://github.com/fabpot",
                    "type": "github"
                },
                {
                    "url": "https://github.com/nicolas-grekas",
                    "type": "github"
                },
                {
                    "url": "https://tidelift.com/funding/github/packagist/symfony/symfony",
                    "type": "tidelift"
                }
            ],
            "time": "2026-04-10T17:25:58+00:00"
        },
        {
            "name": "symfony/service-contracts",
            "version": "v3.7.0",
            "source": {
                "type": "git",
                "url": "https://github.com/symfony/service-contracts.git",
                "reference": "d25d82433a80eba6aa0e6c24b61d7370d99e444a"
            },
            "dist": {
                "type": "zip",
                "url": "https://api.github.com/repos/symfony/service-contracts/zipball/d25d82433a80eba6aa0e6c24b61d7370d99e444a",
                "reference": "d25d82433a80eba6aa0e6c24b61d7370d99e444a",
                "shasum": ""
            },
            "require": {
                "php": ">=8.1",
                "psr/container": "^1.1|^2.0",
                "symfony/deprecation-contracts": "^2.5|^3"
            },
            "conflict": {
                "ext-psr": "<1.1|>=2"
            },
            "type": "library",
            "extra": {
                "thanks": {
                    "url": "https://github.com/symfony/contracts",
                    "name": "symfony/contracts"
                },
                "branch-alias": {
                    "dev-main": "3.7-dev"
                }
            },
            "autoload": {
                "psr-4": {
                    "Symfony\\Contracts\\Service\\": ""
                },
                "exclude-from-classmap": [
                    "/Test/"
                ]
            },
            "notification-url": "https://packagist.org/downloads/",
            "license": [
                "MIT"
            ],
            "authors": [
                {
                    "name": "Nicolas Grekas",
                    "email": "p@tchwork.com"
                },
                {
                    "name": "Symfony Community",
                    "homepage": "https://symfony.com/contributors"
                }
            ],
            "description": "Generic abstractions related to writing services",
            "homepage": "https://symfony.com",
            "keywords": [
                "abstractions",
                "contracts",
                "decoupling",
                "interfaces",
                "interoperability",
                "standards"
            ],
            "support": {
                "source": "https://github.com/symfony/service-contracts/tree/v3.7.0"
            },
            "funding": [
                {
                    "url": "https://symfony.com/sponsor",
                    "type": "custom"
                },
                {
                    "url": "https://github.com/fabpot",
                    "type": "github"
                },
                {
                    "url": "https://github.com/nicolas-grekas",
                    "type": "github"
                },
                {
                    "url": "https://tidelift.com/funding/github/packagist/symfony/symfony",
                    "type": "tidelift"
                }
            ],
            "time": "2026-03-28T09:44:51+00:00"
        },
        {
            "name": "symfony/var-exporter",
            "version": "v8.0.9",
            "source": {
                "type": "git",
                "url": "https://github.com/symfony/var-exporter.git",
                "reference": "24cf67be4dd0926e4413635418682f4fff831412"
            },
            "dist": {
                "type": "zip",
                "url": "https://api.github.com/repos/symfony/var-exporter/zipball/24cf67be4dd0926e4413635418682f4fff831412",
                "reference": "24cf67be4dd0926e4413635418682f4fff831412",
                "shasum": ""
            },
            "require": {
                "php": ">=8.4"
            },
            "require-dev": {
                "symfony/property-access": "^7.4|^8.0",
                "symfony/serializer": "^7.4|^8.0",
                "symfony/var-dumper": "^7.4|^8.0"
            },
            "type": "library",
            "autoload": {
                "psr-4": {
                    "Symfony\\Component\\VarExporter\\": ""
                },
                "exclude-from-classmap": [
                    "/Tests/"
                ]
            },
            "notification-url": "https://packagist.org/downloads/",
            "license": [
                "MIT"
            ],
            "authors": [
                {
                    "name": "Nicolas Grekas",
                    "email": "p@tchwork.com"
                },
                {
                    "name": "Symfony Community",
                    "homepage": "https://symfony.com/contributors"
                }
            ],
            "description": "Allows exporting any serializable PHP data structure to plain PHP code",
            "homepage": "https://symfony.com",
            "keywords": [
                "clone",
                "construct",
                "export",
                "hydrate",
                "instantiate",
                "lazy-loading",
                "proxy",
                "serialize"
            ],
            "support": {
                "source": "https://github.com/symfony/var-exporter/tree/v8.0.9"
            },
            "funding": [
                {
                    "url": "https://symfony.com/sponsor",
                    "type": "custom"
                },
                {
                    "url": "https://github.com/fabpot",
                    "type": "github"
                },
                {
                    "url": "https://github.com/nicolas-grekas",
                    "type": "github"
                },
                {
                    "url": "https://tidelift.com/funding/github/packagist/symfony/symfony",
                    "type": "tidelift"
                }
            ],
            "time": "2026-04-18T13:51:42+00:00"
        },
        {
            "name": "symfony/yaml",
            "version": "v7.4.11",
            "source": {
                "type": "git",
                "url": "https://github.com/symfony/yaml.git",
                "reference": "e2eb64a57763815ccae07ac1c7653d6cc1c326fd"
            },
            "dist": {
                "type": "zip",
                "url": "https://api.github.com/repos/symfony/yaml/zipball/e2eb64a57763815ccae07ac1c7653d6cc1c326fd",
                "reference": "e2eb64a57763815ccae07ac1c7653d6cc1c326fd",
                "shasum": ""
            },
            "require": {
                "php": ">=8.2",
                "symfony/deprecation-contracts": "^2.5|^3",
                "symfony/polyfill-ctype": "^1.8"
            },
            "conflict": {
                "symfony/console": "<6.4"
            },
            "require-dev": {
                "symfony/console": "^6.4|^7.0|^8.0"
            },
            "bin": [
                "Resources/bin/yaml-lint"
            ],
            "type": "library",
            "autoload": {
                "psr-4": {
                    "Symfony\\Component\\Yaml\\": ""
                },
                "exclude-from-classmap": [
                    "/Tests/"
                ]
            },
            "notification-url": "https://packagist.org/downloads/",
            "license": [
                "MIT"
            ],
            "authors": [
                {
                    "name": "Fabien Potencier",
                    "email": "fabien@symfony.com"
                },
                {
                    "name": "Symfony Community",
                    "homepage": "https://symfony.com/contributors"
                }
            ],
            "description": "Loads and dumps YAML files",
            "homepage": "https://symfony.com",
            "support": {
                "source": "https://github.com/symfony/yaml/tree/v7.4.11"
            },
            "funding": [
                {
                    "url": "https://symfony.com/sponsor",
                    "type": "custom"
                },
                {
                    "url": "https://github.com/fabpot",
                    "type": "github"
                },
                {
                    "url": "https://github.com/nicolas-grekas",
                    "type": "github"
                },
                {
                    "url": "https://tidelift.com/funding/github/packagist/symfony/symfony",
                    "type": "tidelift"
                }
            ],
            "time": "2026-05-13T12:04:42+00:00"
        }
    ],
    "packages-dev": [],
    "aliases": [],
    "minimum-stability": "stable",
    "stability-flags": {},
    "prefer-stable": false,
    "prefer-lowest": false,
    "platform": {},
    "platform-dev": {},
    "plugin-api-version": "2.9.0"
}
